
Microsoft Visual Studio Solution File, Format Version 12.00
# Visual Studio 15
VisualStudioVersion = 15.0.28010.2026
MinimumVisualStudioVersion = 10.0.40219.1
Project("{FAE04EC0-301F-11D3-BF4B-00C04F79EFBC}") = "BuyLocal.API", "BuyLocal.API\BuyLocal.API.csproj", "{05CCE5C6-50D7-4537-9CDE-85A83C326B83}"
EndProject
Project("{FAE04EC0-301F-11D3-BF4B-00C04F79EFBC}") = "BuyLocal.DataAccess", "BuyLocal.DataAccess\BuyLocal.DataAccess.csproj", "{48C34B46-5B4D-4DC5-AF8A-C5E464FB54E4}"
EndProject
Project("{FAE04EC0-301F-11D3-BF4B-00C04F79EFBC}") = "BuyLocal.BusinessLayer", "BuyLocal.BusinessLayer\BuyLocal.BusinessLayer.csproj", "{E6819B01-EF24-40AE-AE14-A866DF7333B9}"
EndProject
Global
	GlobalSection(SolutionConfigurationPlatforms) = preSolution
		Debug|Any CPU = Debug|Any CPU
		Release|Any CPU = Release|Any CPU
	EndGlobalSection
	GlobalSection(ProjectConfigurationPlatforms) = postSolution
		{05CCE5C6-50D7-4537-9CDE-85A83C326B83}.Debug|Any CPU.ActiveCfg = Debug|Any CPU
		{05CCE5C6-50D7-4537-9CDE-85A83C326B83}.Debug|Any CPU.Build.0 = Debug|Any CPU
		{05CCE5C6-50D7-4537-9CDE-85A83C326B83}.Release|Any CPU.ActiveCfg = Release|Any CPU
		{05CCE5C6-50D7-4537-9CDE-85A83C326B83}.Release|Any CPU.Build.0 = Release|Any CPU
		{48C34B46-5B4D-4DC5-AF8A-C5E464FB54E4}.Debug|Any CPU.ActiveCfg = Debug|Any CPU
		{48C34B46-5B4D-4DC5-AF8A-C5E464FB54E4}.Debug|Any CPU.Build.0 = Debug|Any CPU
		{48C34B46-5B4D-4DC5-AF8A-C5E464FB54E4}.Release|Any CPU.ActiveCfg = Release|Any CPU
		{48C34B46-5B4D-4DC5-AF8A-C5E464FB54E4}.Release|Any CPU.Build.0 = Release|Any CPU
		{E6819B01-EF24-40AE-AE14-A866DF7333B9}.Debug|Any CPU.ActiveCfg = Debug|Any CPU
		{E6819B01-EF24-40AE-AE14-A866DF7333B9}.Debug|Any CPU.Build.0 = Debug|Any CPU
		{E6819B01-EF24-40AE-AE14-A866DF7333B9}.Release|Any CPU.ActiveCfg = Release|Any CPU
		{E6819B01-EF24-40AE-AE14-A866DF7333B9}.Release|Any CPU.Build.0 = Release|Any CPU
	EndGlobalSection
	GlobalSection(SolutionProperties) = preSolution
		HideSolutionNode = FALSE
	EndGlobalSection
	GlobalSection(ExtensibilityGlobals) = postSolution
		SolutionGuid = {E63CA352-F265-4615-882B-A4A74534AC9B}
	EndGlobalSection
EndGlobal
